
Microsoft Visual Studio Solution File, Format Version 12.00
# Visual Studio 2012
Project("{8BC9CEB8-8B4A-11D0-8D11-00A0C91BC942}") = "DontPanic2", "GLAH.vcxproj", "{68E0BC72-EE41-47C1-AA0E-83EE7612C16B}"
EndProject
Global
	GlobalSection(SolutionConfigurationPlatforms) = preSolution
		Debug|Win32 = Debug|Win32
		Release|Win32 = Release|Win32
	EndGlobalSection
	GlobalSection(ProjectConfigurationPlatforms) = postSolution
		{68E0BC72-EE41-47C1-AA0E-83EE7612C16B}.Debug|Win32.ActiveCfg = Debug|Win32
		{68E0BC72-EE41-47C1-AA0E-83EE7612C16B}.Debug|Win32.Build.0 = Debug|Win32
		{68E0BC72-EE41-47C1-AA0E-83EE7612C16B}.Release|Win32.ActiveCfg = Release|Win32
		{68E0BC72-EE41-47C1-AA0E-83EE7612C16B}.Release|Win32.Build.0 = Release|Win32
	EndGlobalSection
	GlobalSection(SolutionProperties) = preSolution
		HideSolutionNode = FALSE
	EndGlobalSection
EndGlobal
