<?xml version="1.0" encoding="utf-8"?>
<Project ToolsVersion="4.0" xmlns="http://schemas.microsoft.com/developer/msbuild/2003">
  <ItemGroup>
    <Filter Include="Source Files">
      <UniqueIdentifier>{4FC737F1-C7A5-4376-A066-2A32D752A2FF}</UniqueIdentifier>
      <Extensions>cpp;c;cc;cxx;def;odl;idl;hpj;bat;asm;asmx</Extensions>
    </Filter>
    <Filter Include="Header Files">
      <UniqueIdentifier>{93995380-89BD-4b04-88EB-625FBE52EBFB}</UniqueIdentifier>
      <Extensions>h;hpp;hxx;hm;inl;inc;xsd</Extensions>
    </Filter>
    <Filter Include="Resource Files">
      <UniqueIdentifier>{67DA6AB6-F800-4c08-8B7A-83BB121AAD01}</UniqueIdentifier>
      <Extensions>rc;ico;cur;bmp;dlg;rc2;rct;bin;rgs;gif;jpg;jpeg;jpe;resx;tiff;tif;png;wav;mfcribbon-ms</Extensions>
    </Filter>
  </ItemGroup>
  <ItemGroup>
    <ClCompile Include="source\GLAH\FileIO.cpp">
      <Filter>Source Files</Filter>
    </ClCompile>
    <ClCompile Include="source\GLAH\GLAHGraphics.cpp">
      <Filter>Source Files</Filter>
    </ClCompile>
    <ClCompile Include="source\GLAH\Vector.cpp">
      <Filter>Source Files</Filter>
    </ClCompile>
    <ClCompile Include="source\main.cpp">
      <Filter>Source Files</Filter>
    </ClCompile>
    <ClCompile Include="source\math\Collision.cpp">
      <Filter>Source Files</Filter>
    </ClCompile>
    <ClCompile Include="source\game_objects\GameObject.cpp">
      <Filter>Source Files</Filter>
    </ClCompile>
    <ClCompile Include="source\game_objects\Player.cpp">
      <Filter>Source Files</Filter>
    </ClCompile>
    <ClCompile Include="source\spritesheet\SpriteSheet.cpp">
      <Filter>Source Files</Filter>
    </ClCompile>
    <ClCompile Include="source\spritesheet\UVTranslator.cpp">
      <Filter>Source Files</Filter>
    </ClCompile>
    <ClCompile Include="source\game_objects\Cannon.cpp">
      <Filter>Source Files</Filter>
    </ClCompile>
    <ClCompile Include="source\game_objects\Shell.cpp">
      <Filter>Source Files</Filter>
    </ClCompile>
    <ClCompile Include="source\game_objects\Enemy.cpp">
      <Filter>Source Files</Filter>
    </ClCompile>
    <ClCompile Include="source\sqlite\sqlite3.c">
      <Filter>Source Files</Filter>
    </ClCompile>
    <ClCompile Include="source\sqlite\DatabaseManager.cpp">
      <Filter>Source Files</Filter>
    </ClCompile>
    <ClCompile Include="source\tests\Databases.cpp">
      <Filter>Source Files</Filter>
    </ClCompile>
    <ClCompile Include="source\game_state\OuterLoop.cpp">
      <Filter>Source Files</Filter>
    </ClCompile>
    <ClCompile Include="source\data\DBLevel.cpp">
      <Filter>Source Files</Filter>
    </ClCompile>
    <ClCompile Include="source\data\FileSettings.cpp">
      <Filter>Source Files</Filter>
    </ClCompile>
    <ClCompile Include="source\data\IniFile.cpp">
      <Filter>Source Files</Filter>
    </ClCompile>
    <ClCompile Include="source\game_state\ProgramState.cpp">
      <Filter>Source Files</Filter>
    </ClCompile>
    <ClCompile Include="source\game_state\PSMainMenu.cpp">
      <Filter>Source Files</Filter>
    </ClCompile>
    <ClCompile Include="source\game_state\PSGameLoop.cpp">
      <Filter>Source Files</Filter>
    </ClCompile>
    <ClCompile Include="source\game_state\PSLevelEditor.cpp">
      <Filter>Source Files</Filter>
    </ClCompile>
    <ClCompile Include="source\game_state\PSLevelSelect.cpp">
      <Filter>Source Files</Filter>
    </ClCompile>
    <ClCompile Include="source\game_objects\GLText.cpp">
      <Filter>Source Files</Filter>
    </ClCompile>
    <ClCompile Include="source\game_objects\EnemySpawner.cpp">
      <Filter>Source Files</Filter>
    </ClCompile>
    <ClCompile Include="source\game_objects\Goal.cpp">
      <Filter>Source Files</Filter>
    </ClCompile>
    <ClCompile Include="source\game_objects\Platform.cpp">
      <Filter>Source Files</Filter>
    </ClCompile>
    <ClCompile Include="source\game_state\PSLevelModifySelect.cpp">
      <Filter>Source Files</Filter>
    </ClCompile>
    <ClCompile Include="source\game_objects\PlayerProjectile.cpp">
      <Filter>Source Files</Filter>
    </ClCompile>
  </ItemGroup>
  <ItemGroup>
    <ClInclude Include="source\math\Collision.h">
      <Filter>Header Files</Filter>
    </ClInclude>
    <ClInclude Include="source\math\Rect.h">
      <Filter>Header Files</Filter>
    </ClInclude>
    <ClInclude Include="source\game_objects\GameObject.h">
      <Filter>Header Files</Filter>
    </ClInclude>
    <ClInclude Include="source\game_objects\Player.h">
      <Filter>Header Files</Filter>
    </ClInclude>
    <ClInclude Include="source\spritesheet\SpriteSheet.h">
      <Filter>Header Files</Filter>
    </ClInclude>
    <ClInclude Include="source\spritesheet\UVTranslator.h">
      <Filter>Header Files</Filter>
    </ClInclude>
    <ClInclude Include="source\game_objects\Cannon.h">
      <Filter>Header Files</Filter>
    </ClInclude>
    <ClInclude Include="source\game_objects\Shell.h">
      <Filter>Header Files</Filter>
    </ClInclude>
    <ClInclude Include="source\listeners\CannonListener.h">
      <Filter>Header Files</Filter>
    </ClInclude>
    <ClInclude Include="source\game_objects\Enemy.h">
      <Filter>Header Files</Filter>
    </ClInclude>
    <ClInclude Include="source\sqlite\sqlite3.h">
      <Filter>Header Files</Filter>
    </ClInclude>
    <ClInclude Include="source\sqlite\DatabaseManager.h">
      <Filter>Header Files</Filter>
    </ClInclude>
    <ClInclude Include="source\tests\Databases.h">
      <Filter>Header Files</Filter>
    </ClInclude>
    <ClInclude Include="source\game_state\OuterLoop.h">
      <Filter>Header Files</Filter>
    </ClInclude>
    <ClInclude Include="source\data\DBLevel.h">
      <Filter>Header Files</Filter>
    </ClInclude>
    <ClInclude Include="source\data\FileSettings.h">
      <Filter>Header Files</Filter>
    </ClInclude>
    <ClInclude Include="source\data\IniFile.h">
      <Filter>Header Files</Filter>
    </ClInclude>
    <ClInclude Include="source\game_state\ProgramState.h">
      <Filter>Header Files</Filter>
    </ClInclude>
    <ClInclude Include="source\game_state\PSMainMenu.h">
      <Filter>Header Files</Filter>
    </ClInclude>
    <ClInclude Include="source\game_state\PSGameLoop.h">
      <Filter>Header Files</Filter>
    </ClInclude>
    <ClInclude Include="source\game_state\PSLevelEditor.h">
      <Filter>Header Files</Filter>
    </ClInclude>
    <ClInclude Include="source\game_state\PSLevelSelect.h">
      <Filter>Header Files</Filter>
    </ClInclude>
    <ClInclude Include="source\game_objects\GLText.h">
      <Filter>Header Files</Filter>
    </ClInclude>
    <ClInclude Include="source\globals\consts.h">
      <Filter>Header Files</Filter>
    </ClInclude>
    <ClInclude Include="source\game_objects\EnemySpawner.h">
      <Filter>Header Files</Filter>
    </ClInclude>
    <ClInclude Include="source\game_objects\Goal.h">
      <Filter>Header Files</Filter>
    </ClInclude>
    <ClInclude Include="source\game_objects\Platform.h">
      <Filter>Header Files</Filter>
    </ClInclude>
    <ClInclude Include="source\game_state\PSLevelModifySelect.h">
      <Filter>Header Files</Filter>
    </ClInclude>
    <ClInclude Include="source\game_objects\Camera.h">
      <Filter>Header Files</Filter>
    </ClInclude>
    <ClInclude Include="source\game_objects\PlayerProjectile.h">
      <Filter>Header Files</Filter>
    </ClInclude>
    <ClInclude Include="source\listeners\PlayerProjectileListener.h">
      <Filter>Header Files</Filter>
    </ClInclude>
    <ClInclude Include="source\GLAH\GLAHGraphics.h">
      <Filter>Header Files</Filter>
    </ClInclude>
    <ClInclude Include="source\GLAH\FileIO.h">
      <Filter>Header Files</Filter>
    </ClInclude>
    <ClInclude Include="source\GLAH\InputListener.h">
      <Filter>Header Files</Filter>
    </ClInclude>
    <ClInclude Include="source\GLAH\GLAHColour.h">
      <Filter>Header Files</Filter>
    </ClInclude>
    <ClInclude Include="source\GLAH\GLAHEntity.h">
      <Filter>Header Files</Filter>
    </ClInclude>
    <ClInclude Include="source\GLAH\Vector.h">
      <Filter>Header Files</Filter>
    </ClInclude>
  </ItemGroup>
</Project>